
Microsoft Visual Studio Solution File, Format Version 11.00
# Visual Studio 2010
Project("{FAE04EC0-301F-11D3-BF4B-00C04F79EFBC}") = "UnityGameFramework.Runtime", "UnityGameFramework.Runtime.csproj", "{43c28cf3-1ab9-6c15-eb79-96954b9f6fea}"
EndProject
Project("{FAE04EC0-301F-11D3-BF4B-00C04F79EFBC}") = "Assembly-CSharp", "Assembly-CSharp.csproj", "{3fd2beaf-cd80-7f5f-0e5f-a2affcc6a63d}"
EndProject
Project("{FAE04EC0-301F-11D3-BF4B-00C04F79EFBC}") = "UnityGameFramework.Editor", "UnityGameFramework.Editor.csproj", "{97daf3ac-1e8f-220b-8ab4-6f7f12e49231}"
EndProject
Project("{FAE04EC0-301F-11D3-BF4B-00C04F79EFBC}") = "Assembly-CSharp-Editor", "Assembly-CSharp-Editor.csproj", "{fd7b4650-0ca6-c79d-55ea-eb059742cca6}"
EndProject
Global
	GlobalSection(SolutionConfigurationPlatforms) = preSolution
		Debug|Any CPU = Debug|Any CPU
	EndGlobalSection
	GlobalSection(ProjectConfigurationPlatforms) = postSolution
		{43c28cf3-1ab9-6c15-eb79-96954b9f6fea}.Debug|Any CPU.ActiveCfg = Debug|Any CPU
		{43c28cf3-1ab9-6c15-eb79-96954b9f6fea}.Debug|Any CPU.Build.0 = Debug|Any CPU
		{3fd2beaf-cd80-7f5f-0e5f-a2affcc6a63d}.Debug|Any CPU.ActiveCfg = Debug|Any CPU
		{3fd2beaf-cd80-7f5f-0e5f-a2affcc6a63d}.Debug|Any CPU.Build.0 = Debug|Any CPU
		{97daf3ac-1e8f-220b-8ab4-6f7f12e49231}.Debug|Any CPU.ActiveCfg = Debug|Any CPU
		{97daf3ac-1e8f-220b-8ab4-6f7f12e49231}.Debug|Any CPU.Build.0 = Debug|Any CPU
		{fd7b4650-0ca6-c79d-55ea-eb059742cca6}.Debug|Any CPU.ActiveCfg = Debug|Any CPU
		{fd7b4650-0ca6-c79d-55ea-eb059742cca6}.Debug|Any CPU.Build.0 = Debug|Any CPU
	EndGlobalSection
	GlobalSection(SolutionProperties) = preSolution
		HideSolutionNode = FALSE
	EndGlobalSection
EndGlobal
